dependencies:
- name: cert-manager
  repository: https://charts.jetstack.io
  version: v1.18.2
- name: trust-manager
  repository: https://charts.jetstack.io
  version: v0.18.0
digest: sha256:e06b60da91e9d16e54ccd5cde1ab491e554ba510a485b32236f2f320ba86a456
generated: "2025-07-20T06:35:13.116414985Z"
