dependencies:
- name: cert-manager
  repository: https://charts.jetstack.io
  version: v1.18.0
- name: trust-manager
  repository: https://charts.jetstack.io
  version: v0.18.0
digest: sha256:4719dfbb55590e068129b1c7d65cc30d9aba0f0934027b7b8f29400ced999a7b
generated: "2025-07-17T08:18:55.667807421Z"
